
Microsoft Visual Studio Solution File, Format Version 12.00
# Visual Studio Version 17
VisualStudioVersion = 17.13.35931.197 d17.13
MinimumVisualStudioVersion = 10.0.40219.1
Project("{FAE04EC0-301F-11D3-BF4B-00C04F79EFBC}") = "Nimbus", "Nimbus.csproj", "{D696D1D6-52BC-4909-B54D-9F3BAA150C9A}"
EndProject
Global
	GlobalSection(SolutionConfigurationPlatforms) = preSolution
		Debug|Any CPU = Debug|Any CPU
		Release|Any CPU = Release|Any CPU
	EndGlobalSection
	GlobalSection(ProjectConfigurationPlatforms) = postSolution
		{D696D1D6-52BC-4909-B54D-9F3BAA150C9A}.Debug|Any CPU.ActiveCfg = Debug|Any CPU
		{D696D1D6-52BC-4909-B54D-9F3BAA150C9A}.Debug|Any CPU.Build.0 = Debug|Any CPU
		{D696D1D6-52BC-4909-B54D-9F3BAA150C9A}.Release|Any CPU.ActiveCfg = Release|Any CPU
		{D696D1D6-52BC-4909-B54D-9F3BAA150C9A}.Release|Any CPU.Build.0 = Release|Any CPU
	EndGlobalSection
	GlobalSection(SolutionProperties) = preSolution
		HideSolutionNode = FALSE
	EndGlobalSection
	GlobalSection(ExtensibilityGlobals) = postSolution
		SolutionGuid = {2724B9CA-80E5-4C22-8186-C93921961575}
	EndGlobalSection
EndGlobal
